
Microsoft Visual Studio Solution File, Format Version 12.00
# Visual Studio 2012
Project("{FAE04EC0-301F-11D3-BF4B-00C04F79EFBC}") = "MyFirstApp", "MyFirstApp\MyFirstApp.csproj", "{1777AE05-1E50-4E5F-A506-5A0171FC2992}"
EndProject
Global
	GlobalSection(SolutionConfigurationPlatforms) = preSolution
		Debug|Any CPU = Debug|Any CPU
		Release|Any CPU = Release|Any CPU
	EndGlobalSection
	GlobalSection(ProjectConfigurationPlatforms) = postSolution
		{1777AE05-1E50-4E5F-A506-5A0171FC2992}.Debug|Any CPU.ActiveCfg = Debug|Any CPU
		{1777AE05-1E50-4E5F-A506-5A0171FC2992}.Debug|Any CPU.Build.0 = Debug|Any CPU
		{1777AE05-1E50-4E5F-A506-5A0171FC2992}.Release|Any CPU.ActiveCfg = Release|Any CPU
		{1777AE05-1E50-4E5F-A506-5A0171FC2992}.Release|Any CPU.Build.0 = Release|Any CPU
	EndGlobalSection
EndGlobal
